
Microsoft Visual Studio Solution File, Format Version 12.00
# Visual Studio Version 17
VisualStudioVersion = 17.1.32421.90
MinimumVisualStudioVersion = 10.0.40219.1
Project("{9A19103F-16F7-4668-BE54-9A1E7A4F7556}") = "WebApp", "WebApp\WebApp.csproj", "{794456E5-7417-4150-B554-BF7E3F087A87}"
EndProject
Project("{9A19103F-16F7-4668-BE54-9A1E7A4F7556}") = "UseCases", "UseCases\UseCases.csproj", "{C0FD202E-35AE-412E-93EB-EB44D5018427}"
EndProject
Project("{9A19103F-16F7-4668-BE54-9A1E7A4F7556}") = "CoreBusiness", "CoreBusiness\CoreBusiness.csproj", "{5CE594D7-6936-428C-8844-E5D97903D8A0}"
EndProject
Project("{FAE04EC0-301F-11D3-BF4B-00C04F79EFBC}") = "Plugins.DataStore.InMemory", "Plugins.DataStore.InMemory\Plugins.DataStore.InMemory.csproj", "{7075D9A0-542E-4D77-8E84-33D6A7297E83}"
EndProject
Global
	GlobalSection(SolutionConfigurationPlatforms) = preSolution
		Debug|Any CPU = Debug|Any CPU
		Release|Any CPU = Release|Any CPU
	EndGlobalSection
	GlobalSection(ProjectConfigurationPlatforms) = postSolution
		{794456E5-7417-4150-B554-BF7E3F087A87}.Debug|Any CPU.ActiveCfg = Debug|Any CPU
		{794456E5-7417-4150-B554-BF7E3F087A87}.Debug|Any CPU.Build.0 = Debug|Any CPU
		{794456E5-7417-4150-B554-BF7E3F087A87}.Release|Any CPU.ActiveCfg = Release|Any CPU
		{794456E5-7417-4150-B554-BF7E3F087A87}.Release|Any CPU.Build.0 = Release|Any CPU
		{C0FD202E-35AE-412E-93EB-EB44D5018427}.Debug|Any CPU.ActiveCfg = Debug|Any CPU
		{C0FD202E-35AE-412E-93EB-EB44D5018427}.Debug|Any CPU.Build.0 = Debug|Any CPU
		{C0FD202E-35AE-412E-93EB-EB44D5018427}.Release|Any CPU.ActiveCfg = Release|Any CPU
		{C0FD202E-35AE-412E-93EB-EB44D5018427}.Release|Any CPU.Build.0 = Release|Any CPU
		{5CE594D7-6936-428C-8844-E5D97903D8A0}.Debug|Any CPU.ActiveCfg = Debug|Any CPU
		{5CE594D7-6936-428C-8844-E5D97903D8A0}.Debug|Any CPU.Build.0 = Debug|Any CPU
		{5CE594D7-6936-428C-8844-E5D97903D8A0}.Release|Any CPU.ActiveCfg = Release|Any CPU
		{5CE594D7-6936-428C-8844-E5D97903D8A0}.Release|Any CPU.Build.0 = Release|Any CPU
		{7075D9A0-542E-4D77-8E84-33D6A7297E83}.Debug|Any CPU.ActiveCfg = Debug|Any CPU
		{7075D9A0-542E-4D77-8E84-33D6A7297E83}.Debug|Any CPU.Build.0 = Debug|Any CPU
		{7075D9A0-542E-4D77-8E84-33D6A7297E83}.Release|Any CPU.ActiveCfg = Release|Any CPU
		{7075D9A0-542E-4D77-8E84-33D6A7297E83}.Release|Any CPU.Build.0 = Release|Any CPU
	EndGlobalSection
	GlobalSection(SolutionProperties) = preSolution
		HideSolutionNode = FALSE
	EndGlobalSection
	GlobalSection(ExtensibilityGlobals) = postSolution
		SolutionGuid = {CE604634-5565-434D-A07A-CF5E29CD0DE1}
	EndGlobalSection
EndGlobal
